
Microsoft Visual Studio Solution File, Format Version 12.00
# Visual Studio Version 17
VisualStudioVersion = 17.3.32901.215
MinimumVisualStudioVersion = 10.0.40219.1
Project("{2150E333-8FDC-42A3-9474-1A3956D46DE8}") = "library", "library", "{AC10D53F-228B-469D-93FE-5D027BBBA474}"
EndProject
Project("{2150E333-8FDC-42A3-9474-1A3956D46DE8}") = "samples", "samples", "{5389978F-E394-429B-8543-DE8552377D68}"
EndProject
Project("{D954291E-2A0B-460D-934E-DC6B0785DB48}") = "ExtendedSlashScreen.Uno.Samples.Shared", "src\samples\ExtendedSlashScreen.Uno.Samples\ExtendedSlashScreen.Uno.Samples.Shared\ExtendedSlashScreen.Uno.Samples.Shared.shproj", "{6279C845-92F8-4333-AB99-3D213163593C}"
EndProject
Project("{D954291E-2A0B-460D-934E-DC6B0785DB48}") = "Shared", "src\library\Shared\Shared.shproj", "{FB744FFE-55DD-478F-A9B8-E654F509946E}"
EndProject
Project("{9A19103F-16F7-4668-BE54-9A1E7A4F7556}") = "ExtendedSplashScreen.Uno.WinUI", "src\library\ExtendedSplashScreen.Uno.WinUI\ExtendedSplashScreen.Uno.WinUI.csproj", "{D0608425-2826-4D11-A4B6-D8DEEFAE0AC7}"
EndProject
Project("{9A19103F-16F7-4668-BE54-9A1E7A4F7556}") = "ExtendedSlashScreen.Uno.Samples.Windows", "src\samples\ExtendedSlashScreen.Uno.Samples\ExtendedSlashScreen.Uno.Samples.Windows\ExtendedSlashScreen.Uno.Samples.Windows.csproj", "{F8BEE443-3830-4628-820C-A54634AB9DB5}"
EndProject
Project("{9A19103F-16F7-4668-BE54-9A1E7A4F7556}") = "ExtendedSlashScreen.Uno.Samples.Mobile", "src\samples\ExtendedSlashScreen.Uno.Samples\ExtendedSlashScreen.Uno.Samples.Mob\ExtendedSlashScreen.Uno.Samples.Mobile.csproj", "{68966FCA-23CB-4C08-B477-365880435B29}"
EndProject
Global
	GlobalSection(SolutionConfigurationPlatforms) = preSolution
		Ad-Hoc|Android = Ad-Hoc|Android
		Ad-Hoc|Any CPU = Ad-Hoc|Any CPU
		Ad-Hoc|ARM = Ad-Hoc|ARM
		Ad-Hoc|ARM64 = Ad-Hoc|ARM64
		Ad-Hoc|iOS = Ad-Hoc|iOS
		Ad-Hoc|iPhone = Ad-Hoc|iPhone
		Ad-Hoc|iPhoneSimulator = Ad-Hoc|iPhoneSimulator
		Ad-Hoc|NuGet = Ad-Hoc|NuGet
		Ad-Hoc|Simulator = Ad-Hoc|Simulator
		Ad-Hoc|UAP = Ad-Hoc|UAP
		Ad-Hoc|x64 = Ad-Hoc|x64
		Ad-Hoc|x86 = Ad-Hoc|x86
		AppStore|Android = AppStore|Android
		AppStore|Any CPU = AppStore|Any CPU
		AppStore|ARM = AppStore|ARM
		AppStore|ARM64 = AppStore|ARM64
		AppStore|iOS = AppStore|iOS
		AppStore|iPhone = AppStore|iPhone
		AppStore|iPhoneSimulator = AppStore|iPhoneSimulator
		AppStore|NuGet = AppStore|NuGet
		AppStore|Simulator = AppStore|Simulator
		AppStore|UAP = AppStore|UAP
		AppStore|x64 = AppStore|x64
		AppStore|x86 = AppStore|x86
		Debug|Android = Debug|Android
		Debug|Any CPU = Debug|Any CPU
		Debug|ARM = Debug|ARM
		Debug|ARM64 = Debug|ARM64
		Debug|iOS = Debug|iOS
		Debug|iPhone = Debug|iPhone
		Debug|iPhoneSimulator = Debug|iPhoneSimulator
		Debug|NuGet = Debug|NuGet
		Debug|Simulator = Debug|Simulator
		Debug|UAP = Debug|UAP
		Debug|x64 = Debug|x64
		Debug|x86 = Debug|x86
		Release|Android = Release|Android
		Release|Any CPU = Release|Any CPU
		Release|ARM = Release|ARM
		Release|ARM64 = Release|ARM64
		Release|iOS = Release|iOS
		Release|iPhone = Release|iPhone
		Release|iPhoneSimulator = Release|iPhoneSimulator
		Release|NuGet = Release|NuGet
		Release|Simulator = Release|Simulator
		Release|UAP = Release|UAP
		Release|x64 = Release|x64
		Release|x86 = Release|x86
	EndGlobalSection
	GlobalSection(ProjectConfigurationPlatforms) = postSolution
		{D0608425-2826-4D11-A4B6-D8DEEFAE0AC7}.Ad-Hoc|Android.ActiveCfg = Debug|Any CPU
		{D0608425-2826-4D11-A4B6-D8DEEFAE0AC7}.Ad-Hoc|Android.Build.0 = Debug|Any CPU
		{D0608425-2826-4D11-A4B6-D8DEEFAE0AC7}.Ad-Hoc|Any CPU.ActiveCfg = Debug|Any CPU
		{D0608425-2826-4D11-A4B6-D8DEEFAE0AC7}.Ad-Hoc|Any CPU.Build.0 = Debug|Any CPU
		{D0608425-2826-4D11-A4B6-D8DEEFAE0AC7}.Ad-Hoc|ARM.ActiveCfg = Debug|Any CPU
		{D0608425-2826-4D11-A4B6-D8DEEFAE0AC7}.Ad-Hoc|ARM.Build.0 = Debug|Any CPU
		{D0608425-2826-4D11-A4B6-D8DEEFAE0AC7}.Ad-Hoc|ARM64.ActiveCfg = Debug|Any CPU
		{D0608425-2826-4D11-A4B6-D8DEEFAE0AC7}.Ad-Hoc|ARM64.Build.0 = Debug|Any CPU
		{D0608425-2826-4D11-A4B6-D8DEEFAE0AC7}.Ad-Hoc|iOS.ActiveCfg = Debug|Any CPU
		{D0608425-2826-4D11-A4B6-D8DEEFAE0AC7}.Ad-Hoc|iOS.Build.0 = Debug|Any CPU
		{D0608425-2826-4D11-A4B6-D8DEEFAE0AC7}.Ad-Hoc|iPhone.ActiveCfg = Debug|Any CPU
		{D0608425-2826-4D11-A4B6-D8DEEFAE0AC7}.Ad-Hoc|iPhone.Build.0 = Debug|Any CPU
		{D0608425-2826-4D11-A4B6-D8DEEFAE0AC7}.Ad-Hoc|iPhoneSimulator.ActiveCfg = Debug|Any CPU
		{D0608425-2826-4D11-A4B6-D8DEEFAE0AC7}.Ad-Hoc|iPhoneSimulator.Build.0 = Debug|Any CPU
		{D0608425-2826-4D11-A4B6-D8DEEFAE0AC7}.Ad-Hoc|NuGet.ActiveCfg = Debug|Any CPU
		{D0608425-2826-4D11-A4B6-D8DEEFAE0AC7}.Ad-Hoc|NuGet.Build.0 = Debug|Any CPU
		{D0608425-2826-4D11-A4B6-D8DEEFAE0AC7}.Ad-Hoc|Simulator.ActiveCfg = Debug|Any CPU
		{D0608425-2826-4D11-A4B6-D8DEEFAE0AC7}.Ad-Hoc|Simulator.Build.0 = Debug|Any CPU
		{D0608425-2826-4D11-A4B6-D8DEEFAE0AC7}.Ad-Hoc|UAP.ActiveCfg = Debug|Any CPU
		{D0608425-2826-4D11-A4B6-D8DEEFAE0AC7}.Ad-Hoc|UAP.Build.0 = Debug|Any CPU
		{D0608425-2826-4D11-A4B6-D8DEEFAE0AC7}.Ad-Hoc|x64.ActiveCfg = Debug|Any CPU
		{D0608425-2826-4D11-A4B6-D8DEEFAE0AC7}.Ad-Hoc|x64.Build.0 = Debug|Any CPU
		{D0608425-2826-4D11-A4B6-D8DEEFAE0AC7}.Ad-Hoc|x86.ActiveCfg = Debug|Any CPU
		{D0608425-2826-4D11-A4B6-D8DEEFAE0AC7}.Ad-Hoc|x86.Build.0 = Debug|Any CPU
		{D0608425-2826-4D11-A4B6-D8DEEFAE0AC7}.AppStore|Android.ActiveCfg = Debug|Any CPU
		{D0608425-2826-4D11-A4B6-D8DEEFAE0AC7}.AppStore|Android.Build.0 = Debug|Any CPU
		{D0608425-2826-4D11-A4B6-D8DEEFAE0AC7}.AppStore|Any CPU.ActiveCfg = Debug|Any CPU
		{D0608425-2826-4D11-A4B6-D8DEEFAE0AC7}.AppStore|Any CPU.Build.0 = Debug|Any CPU
		{D0608425-2826-4D11-A4B6-D8DEEFAE0AC7}.AppStore|ARM.ActiveCfg = Debug|Any CPU
		{D0608425-2826-4D11-A4B6-D8DEEFAE0AC7}.AppStore|ARM.Build.0 = Debug|Any CPU
		{D0608425-2826-4D11-A4B6-D8DEEFAE0AC7}.AppStore|ARM64.ActiveCfg = Debug|Any CPU
		{D0608425-2826-4D11-A4B6-D8DEEFAE0AC7}.AppStore|ARM64.Build.0 = Debug|Any CPU
		{D0608425-2826-4D11-A4B6-D8DEEFAE0AC7}.AppStore|iOS.ActiveCfg = Debug|Any CPU
		{D0608425-2826-4D11-A4B6-D8DEEFAE0AC7}.AppStore|iOS.Build.0 = Debug|Any CPU
		{D0608425-2826-4D11-A4B6-D8DEEFAE0AC7}.AppStore|iPhone.ActiveCfg = Debug|Any CPU
		{D0608425-2826-4D11-A4B6-D8DEEFAE0AC7}.AppStore|iPhone.Build.0 = Debug|Any CPU
		{D0608425-2826-4D11-A4B6-D8DEEFAE0AC7}.AppStore|iPhoneSimulator.ActiveCfg = Debug|Any CPU
		{D0608425-2826-4D11-A4B6-D8DEEFAE0AC7}.AppStore|iPhoneSimulator.Build.0 = Debug|Any CPU
		{D0608425-2826-4D11-A4B6-D8DEEFAE0AC7}.AppStore|NuGet.ActiveCfg = Debug|Any CPU
		{D0608425-2826-4D11-A4B6-D8DEEFAE0AC7}.AppStore|NuGet.Build.0 = Debug|Any CPU
		{D0608425-2826-4D11-A4B6-D8DEEFAE0AC7}.AppStore|Simulator.ActiveCfg = Debug|Any CPU
		{D0608425-2826-4D11-A4B6-D8DEEFAE0AC7}.AppStore|Simulator.Build.0 = Debug|Any CPU
		{D0608425-2826-4D11-A4B6-D8DEEFAE0AC7}.AppStore|UAP.ActiveCfg = Debug|Any CPU
		{D0608425-2826-4D11-A4B6-D8DEEFAE0AC7}.AppStore|UAP.Build.0 = Debug|Any CPU
		{D0608425-2826-4D11-A4B6-D8DEEFAE0AC7}.AppStore|x64.ActiveCfg = Debug|Any CPU
		{D0608425-2826-4D11-A4B6-D8DEEFAE0AC7}.AppStore|x64.Build.0 = Debug|Any CPU
		{D0608425-2826-4D11-A4B6-D8DEEFAE0AC7}.AppStore|x86.ActiveCfg = Debug|Any CPU
		{D0608425-2826-4D11-A4B6-D8DEEFAE0AC7}.AppStore|x86.Build.0 = Debug|Any CPU
		{D0608425-2826-4D11-A4B6-D8DEEFAE0AC7}.Debug|Android.ActiveCfg = Debug|Any CPU
		{D0608425-2826-4D11-A4B6-D8DEEFAE0AC7}.Debug|Android.Build.0 = Debug|Any CPU
		{D0608425-2826-4D11-A4B6-D8DEEFAE0AC7}.Debug|Any CPU.ActiveCfg = Debug|Any CPU
		{D0608425-2826-4D11-A4B6-D8DEEFAE0AC7}.Debug|Any CPU.Build.0 = Debug|Any CPU
		{D0608425-2826-4D11-A4B6-D8DEEFAE0AC7}.Debug|ARM.ActiveCfg = Debug|Any CPU
		{D0608425-2826-4D11-A4B6-D8DEEFAE0AC7}.Debug|ARM.Build.0 = Debug|Any CPU
		{D0608425-2826-4D11-A4B6-D8DEEFAE0AC7}.Debug|ARM64.ActiveCfg = Debug|Any CPU
		{D0608425-2826-4D11-A4B6-D8DEEFAE0AC7}.Debug|ARM64.Build.0 = Debug|Any CPU
		{D0608425-2826-4D11-A4B6-D8DEEFAE0AC7}.Debug|iOS.ActiveCfg = Debug|Any CPU
		{D0608425-2826-4D11-A4B6-D8DEEFAE0AC7}.Debug|iOS.Build.0 = Debug|Any CPU
		{D0608425-2826-4D11-A4B6-D8DEEFAE0AC7}.Debug|iPhone.ActiveCfg = Debug|Any CPU
		{D0608425-2826-4D11-A4B6-D8DEEFAE0AC7}.Debug|iPhone.Build.0 = Debug|Any CPU
		{D0608425-2826-4D11-A4B6-D8DEEFAE0AC7}.Debug|iPhoneSimulator.ActiveCfg = Debug|Any CPU
		{D0608425-2826-4D11-A4B6-D8DEEFAE0AC7}.Debug|iPhoneSimulator.Build.0 = Debug|Any CPU
		{D0608425-2826-4D11-A4B6-D8DEEFAE0AC7}.Debug|NuGet.ActiveCfg = Debug|Any CPU
		{D0608425-2826-4D11-A4B6-D8DEEFAE0AC7}.Debug|NuGet.Build.0 = Debug|Any CPU
		{D0608425-2826-4D11-A4B6-D8DEEFAE0AC7}.Debug|Simulator.ActiveCfg = Debug|Any CPU
		{D0608425-2826-4D11-A4B6-D8DEEFAE0AC7}.Debug|Simulator.Build.0 = Debug|Any CPU
		{D0608425-2826-4D11-A4B6-D8DEEFAE0AC7}.Debug|UAP.ActiveCfg = Debug|Any CPU
		{D0608425-2826-4D11-A4B6-D8DEEFAE0AC7}.Debug|UAP.Build.0 = Debug|Any CPU
		{D0608425-2826-4D11-A4B6-D8DEEFAE0AC7}.Debug|x64.ActiveCfg = Debug|Any CPU
		{D0608425-2826-4D11-A4B6-D8DEEFAE0AC7}.Debug|x64.Build.0 = Debug|Any CPU
		{D0608425-2826-4D11-A4B6-D8DEEFAE0AC7}.Debug|x86.ActiveCfg = Debug|Any CPU
		{D0608425-2826-4D11-A4B6-D8DEEFAE0AC7}.Debug|x86.Build.0 = Debug|Any CPU
		{D0608425-2826-4D11-A4B6-D8DEEFAE0AC7}.Release|Android.ActiveCfg = Release|Any CPU
		{D0608425-2826-4D11-A4B6-D8DEEFAE0AC7}.Release|Android.Build.0 = Release|Any CPU
		{D0608425-2826-4D11-A4B6-D8DEEFAE0AC7}.Release|Any CPU.ActiveCfg = Release|Any CPU
		{D0608425-2826-4D11-A4B6-D8DEEFAE0AC7}.Release|Any CPU.Build.0 = Release|Any CPU
		{D0608425-2826-4D11-A4B6-D8DEEFAE0AC7}.Release|ARM.ActiveCfg = Release|Any CPU
		{D0608425-2826-4D11-A4B6-D8DEEFAE0AC7}.Release|ARM.Build.0 = Release|Any CPU
		{D0608425-2826-4D11-A4B6-D8DEEFAE0AC7}.Release|ARM64.ActiveCfg = Release|Any CPU
		{D0608425-2826-4D11-A4B6-D8DEEFAE0AC7}.Release|ARM64.Build.0 = Release|Any CPU
		{D0608425-2826-4D11-A4B6-D8DEEFAE0AC7}.Release|iOS.ActiveCfg = Release|Any CPU
		{D0608425-2826-4D11-A4B6-D8DEEFAE0AC7}.Release|iOS.Build.0 = Release|Any CPU
		{D0608425-2826-4D11-A4B6-D8DEEFAE0AC7}.Release|iPhone.ActiveCfg = Release|Any CPU
		{D0608425-2826-4D11-A4B6-D8DEEFAE0AC7}.Release|iPhone.Build.0 = Release|Any CPU
		{D0608425-2826-4D11-A4B6-D8DEEFAE0AC7}.Release|iPhoneSimulator.ActiveCfg = Release|Any CPU
		{D0608425-2826-4D11-A4B6-D8DEEFAE0AC7}.Release|iPhoneSimulator.Build.0 = Release|Any CPU
		{D0608425-2826-4D11-A4B6-D8DEEFAE0AC7}.Release|NuGet.ActiveCfg = Release|Any CPU
		{D0608425-2826-4D11-A4B6-D8DEEFAE0AC7}.Release|NuGet.Build.0 = Release|Any CPU
		{D0608425-2826-4D11-A4B6-D8DEEFAE0AC7}.Release|Simulator.ActiveCfg = Release|Any CPU
		{D0608425-2826-4D11-A4B6-D8DEEFAE0AC7}.Release|Simulator.Build.0 = Release|Any CPU
		{D0608425-2826-4D11-A4B6-D8DEEFAE0AC7}.Release|UAP.ActiveCfg = Release|Any CPU
		{D0608425-2826-4D11-A4B6-D8DEEFAE0AC7}.Release|UAP.Build.0 = Release|Any CPU
		{D0608425-2826-4D11-A4B6-D8DEEFAE0AC7}.Release|x64.ActiveCfg = Release|Any CPU
		{D0608425-2826-4D11-A4B6-D8DEEFAE0AC7}.Release|x64.Build.0 = Release|Any CPU
		{D0608425-2826-4D11-A4B6-D8DEEFAE0AC7}.Release|x86.ActiveCfg = Release|Any CPU
		{D0608425-2826-4D11-A4B6-D8DEEFAE0AC7}.Release|x86.Build.0 = Release|Any CPU
		{F8BEE443-3830-4628-820C-A54634AB9DB5}.Ad-Hoc|Android.ActiveCfg = Debug|x64
		{F8BEE443-3830-4628-820C-A54634AB9DB5}.Ad-Hoc|Android.Build.0 = Debug|x64
		{F8BEE443-3830-4628-820C-A54634AB9DB5}.Ad-Hoc|Android.Deploy.0 = Debug|x64
		{F8BEE443-3830-4628-820C-A54634AB9DB5}.Ad-Hoc|Any CPU.ActiveCfg = Debug|x64
		{F8BEE443-3830-4628-820C-A54634AB9DB5}.Ad-Hoc|Any CPU.Build.0 = Debug|x64
		{F8BEE443-3830-4628-820C-A54634AB9DB5}.Ad-Hoc|Any CPU.Deploy.0 = Debug|x64
		{F8BEE443-3830-4628-820C-A54634AB9DB5}.Ad-Hoc|ARM.ActiveCfg = Debug|x64
		{F8BEE443-3830-4628-820C-A54634AB9DB5}.Ad-Hoc|ARM.Build.0 = Debug|x64
		{F8BEE443-3830-4628-820C-A54634AB9DB5}.Ad-Hoc|ARM.Deploy.0 = Debug|x64
		{F8BEE443-3830-4628-820C-A54634AB9DB5}.Ad-Hoc|ARM64.ActiveCfg = Debug|arm64
		{F8BEE443-3830-4628-820C-A54634AB9DB5}.Ad-Hoc|ARM64.Build.0 = Debug|arm64
		{F8BEE443-3830-4628-820C-A54634AB9DB5}.Ad-Hoc|ARM64.Deploy.0 = Debug|arm64
		{F8BEE443-3830-4628-820C-A54634AB9DB5}.Ad-Hoc|iOS.ActiveCfg = Debug|x64
		{F8BEE443-3830-4628-820C-A54634AB9DB5}.Ad-Hoc|iOS.Build.0 = Debug|x64
		{F8BEE443-3830-4628-820C-A54634AB9DB5}.Ad-Hoc|iOS.Deploy.0 = Debug|x64
		{F8BEE443-3830-4628-820C-A54634AB9DB5}.Ad-Hoc|iPhone.ActiveCfg = Debug|x64
		{F8BEE443-3830-4628-820C-A54634AB9DB5}.Ad-Hoc|iPhone.Build.0 = Debug|x64
		{F8BEE443-3830-4628-820C-A54634AB9DB5}.Ad-Hoc|iPhone.Deploy.0 = Debug|x64
		{F8BEE443-3830-4628-820C-A54634AB9DB5}.Ad-Hoc|iPhoneSimulator.ActiveCfg = Debug|x64
		{F8BEE443-3830-4628-820C-A54634AB9DB5}.Ad-Hoc|iPhoneSimulator.Build.0 = Debug|x64
		{F8BEE443-3830-4628-820C-A54634AB9DB5}.Ad-Hoc|iPhoneSimulator.Deploy.0 = Debug|x64
		{F8BEE443-3830-4628-820C-A54634AB9DB5}.Ad-Hoc|NuGet.ActiveCfg = Debug|x64
		{F8BEE443-3830-4628-820C-A54634AB9DB5}.Ad-Hoc|NuGet.Build.0 = Debug|x64
		{F8BEE443-3830-4628-820C-A54634AB9DB5}.Ad-Hoc|NuGet.Deploy.0 = Debug|x64
		{F8BEE443-3830-4628-820C-A54634AB9DB5}.Ad-Hoc|Simulator.ActiveCfg = Debug|x64
		{F8BEE443-3830-4628-820C-A54634AB9DB5}.Ad-Hoc|Simulator.Build.0 = Debug|x64
		{F8BEE443-3830-4628-820C-A54634AB9DB5}.Ad-Hoc|Simulator.Deploy.0 = Debug|x64
		{F8BEE443-3830-4628-820C-A54634AB9DB5}.Ad-Hoc|UAP.ActiveCfg = Debug|x64
		{F8BEE443-3830-4628-820C-A54634AB9DB5}.Ad-Hoc|UAP.Build.0 = Debug|x64
		{F8BEE443-3830-4628-820C-A54634AB9DB5}.Ad-Hoc|UAP.Deploy.0 = Debug|x64
		{F8BEE443-3830-4628-820C-A54634AB9DB5}.Ad-Hoc|x64.ActiveCfg = Debug|x64
		{F8BEE443-3830-4628-820C-A54634AB9DB5}.Ad-Hoc|x64.Build.0 = Debug|x64
		{F8BEE443-3830-4628-820C-A54634AB9DB5}.Ad-Hoc|x64.Deploy.0 = Debug|x64
		{F8BEE443-3830-4628-820C-A54634AB9DB5}.Ad-Hoc|x86.ActiveCfg = Debug|x86
		{F8BEE443-3830-4628-820C-A54634AB9DB5}.Ad-Hoc|x86.Build.0 = Debug|x86
		{F8BEE443-3830-4628-820C-A54634AB9DB5}.Ad-Hoc|x86.Deploy.0 = Debug|x86
		{F8BEE443-3830-4628-820C-A54634AB9DB5}.AppStore|Android.ActiveCfg = Debug|x64
		{F8BEE443-3830-4628-820C-A54634AB9DB5}.AppStore|Android.Build.0 = Debug|x64
		{F8BEE443-3830-4628-820C-A54634AB9DB5}.AppStore|Android.Deploy.0 = Debug|x64
		{F8BEE443-3830-4628-820C-A54634AB9DB5}.AppStore|Any CPU.ActiveCfg = Debug|x64
		{F8BEE443-3830-4628-820C-A54634AB9DB5}.AppStore|Any CPU.Build.0 = Debug|x64
		{F8BEE443-3830-4628-820C-A54634AB9DB5}.AppStore|Any CPU.Deploy.0 = Debug|x64
		{F8BEE443-3830-4628-820C-A54634AB9DB5}.AppStore|ARM.ActiveCfg = Debug|x64
		{F8BEE443-3830-4628-820C-A54634AB9DB5}.AppStore|ARM.Build.0 = Debug|x64
		{F8BEE443-3830-4628-820C-A54634AB9DB5}.AppStore|ARM.Deploy.0 = Debug|x64
		{F8BEE443-3830-4628-820C-A54634AB9DB5}.AppStore|ARM64.ActiveCfg = Debug|arm64
		{F8BEE443-3830-4628-820C-A54634AB9DB5}.AppStore|ARM64.Build.0 = Debug|arm64
		{F8BEE443-3830-4628-820C-A54634AB9DB5}.AppStore|ARM64.Deploy.0 = Debug|arm64
		{F8BEE443-3830-4628-820C-A54634AB9DB5}.AppStore|iOS.ActiveCfg = Debug|x64
		{F8BEE443-3830-4628-820C-A54634AB9DB5}.AppStore|iOS.Build.0 = Debug|x64
		{F8BEE443-3830-4628-820C-A54634AB9DB5}.AppStore|iOS.Deploy.0 = Debug|x64
		{F8BEE443-3830-4628-820C-A54634AB9DB5}.AppStore|iPhone.ActiveCfg = Debug|x64
		{F8BEE443-3830-4628-820C-A54634AB9DB5}.AppStore|iPhone.Build.0 = Debug|x64
		{F8BEE443-3830-4628-820C-A54634AB9DB5}.AppStore|iPhone.Deploy.0 = Debug|x64
		{F8BEE443-3830-4628-820C-A54634AB9DB5}.AppStore|iPhoneSimulator.ActiveCfg = Debug|x64
		{F8BEE443-3830-4628-820C-A54634AB9DB5}.AppStore|iPhoneSimulator.Build.0 = Debug|x64
		{F8BEE443-3830-4628-820C-A54634AB9DB5}.AppStore|iPhoneSimulator.Deploy.0 = Debug|x64
		{F8BEE443-3830-4628-820C-A54634AB9DB5}.AppStore|NuGet.ActiveCfg = Debug|x64
		{F8BEE443-3830-4628-820C-A54634AB9DB5}.AppStore|NuGet.Build.0 = Debug|x64
		{F8BEE443-3830-4628-820C-A54634AB9DB5}.AppStore|NuGet.Deploy.0 = Debug|x64
		{F8BEE443-3830-4628-820C-A54634AB9DB5}.AppStore|Simulator.ActiveCfg = Debug|x64
		{F8BEE443-3830-4628-820C-A54634AB9DB5}.AppStore|Simulator.Build.0 = Debug|x64
		{F8BEE443-3830-4628-820C-A54634AB9DB5}.AppStore|Simulator.Deploy.0 = Debug|x64
		{F8BEE443-3830-4628-820C-A54634AB9DB5}.AppStore|UAP.ActiveCfg = Debug|x64
		{F8BEE443-3830-4628-820C-A54634AB9DB5}.AppStore|UAP.Build.0 = Debug|x64
		{F8BEE443-3830-4628-820C-A54634AB9DB5}.AppStore|UAP.Deploy.0 = Debug|x64
		{F8BEE443-3830-4628-820C-A54634AB9DB5}.AppStore|x64.ActiveCfg = Debug|x64
		{F8BEE443-3830-4628-820C-A54634AB9DB5}.AppStore|x64.Build.0 = Debug|x64
		{F8BEE443-3830-4628-820C-A54634AB9DB5}.AppStore|x64.Deploy.0 = Debug|x64
		{F8BEE443-3830-4628-820C-A54634AB9DB5}.AppStore|x86.ActiveCfg = Debug|x86
		{F8BEE443-3830-4628-820C-A54634AB9DB5}.AppStore|x86.Build.0 = Debug|x86
		{F8BEE443-3830-4628-820C-A54634AB9DB5}.AppStore|x86.Deploy.0 = Debug|x86
		{F8BEE443-3830-4628-820C-A54634AB9DB5}.Debug|Android.ActiveCfg = Debug|x64
		{F8BEE443-3830-4628-820C-A54634AB9DB5}.Debug|Android.Build.0 = Debug|x64
		{F8BEE443-3830-4628-820C-A54634AB9DB5}.Debug|Android.Deploy.0 = Debug|x64
		{F8BEE443-3830-4628-820C-A54634AB9DB5}.Debug|Any CPU.ActiveCfg = Debug|x64
		{F8BEE443-3830-4628-820C-A54634AB9DB5}.Debug|Any CPU.Build.0 = Debug|x64
		{F8BEE443-3830-4628-820C-A54634AB9DB5}.Debug|Any CPU.Deploy.0 = Debug|x64
		{F8BEE443-3830-4628-820C-A54634AB9DB5}.Debug|ARM.ActiveCfg = Debug|x64
		{F8BEE443-3830-4628-820C-A54634AB9DB5}.Debug|ARM.Build.0 = Debug|x64
		{F8BEE443-3830-4628-820C-A54634AB9DB5}.Debug|ARM.Deploy.0 = Debug|x64
		{F8BEE443-3830-4628-820C-A54634AB9DB5}.Debug|ARM64.ActiveCfg = Debug|arm64
		{F8BEE443-3830-4628-820C-A54634AB9DB5}.Debug|ARM64.Build.0 = Debug|arm64
		{F8BEE443-3830-4628-820C-A54634AB9DB5}.Debug|ARM64.Deploy.0 = Debug|arm64
		{F8BEE443-3830-4628-820C-A54634AB9DB5}.Debug|iOS.ActiveCfg = Debug|x64
		{F8BEE443-3830-4628-820C-A54634AB9DB5}.Debug|iOS.Build.0 = Debug|x64
		{F8BEE443-3830-4628-820C-A54634AB9DB5}.Debug|iOS.Deploy.0 = Debug|x64
		{F8BEE443-3830-4628-820C-A54634AB9DB5}.Debug|iPhone.ActiveCfg = Debug|x64
		{F8BEE443-3830-4628-820C-A54634AB9DB5}.Debug|iPhone.Build.0 = Debug|x64
		{F8BEE443-3830-4628-820C-A54634AB9DB5}.Debug|iPhone.Deploy.0 = Debug|x64
		{F8BEE443-3830-4628-820C-A54634AB9DB5}.Debug|iPhoneSimulator.ActiveCfg = Debug|x64
		{F8BEE443-3830-4628-820C-A54634AB9DB5}.Debug|iPhoneSimulator.Build.0 = Debug|x64
		{F8BEE443-3830-4628-820C-A54634AB9DB5}.Debug|iPhoneSimulator.Deploy.0 = Debug|x64
		{F8BEE443-3830-4628-820C-A54634AB9DB5}.Debug|NuGet.ActiveCfg = Debug|x64
		{F8BEE443-3830-4628-820C-A54634AB9DB5}.Debug|Simulator.ActiveCfg = Debug|x64
		{F8BEE443-3830-4628-820C-A54634AB9DB5}.Debug|Simulator.Build.0 = Debug|x64
		{F8BEE443-3830-4628-820C-A54634AB9DB5}.Debug|Simulator.Deploy.0 = Debug|x64
		{F8BEE443-3830-4628-820C-A54634AB9DB5}.Debug|UAP.ActiveCfg = Debug|x64
		{F8BEE443-3830-4628-820C-A54634AB9DB5}.Debug|UAP.Build.0 = Debug|x64
		{F8BEE443-3830-4628-820C-A54634AB9DB5}.Debug|UAP.Deploy.0 = Debug|x64
		{F8BEE443-3830-4628-820C-A54634AB9DB5}.Debug|x64.ActiveCfg = Debug|x64
		{F8BEE443-3830-4628-820C-A54634AB9DB5}.Debug|x64.Build.0 = Debug|x64
		{F8BEE443-3830-4628-820C-A54634AB9DB5}.Debug|x64.Deploy.0 = Debug|x64
		{F8BEE443-3830-4628-820C-A54634AB9DB5}.Debug|x86.ActiveCfg = Debug|x86
		{F8BEE443-3830-4628-820C-A54634AB9DB5}.Debug|x86.Build.0 = Debug|x86
		{F8BEE443-3830-4628-820C-A54634AB9DB5}.Debug|x86.Deploy.0 = Debug|x86
		{F8BEE443-3830-4628-820C-A54634AB9DB5}.Release|Android.ActiveCfg = Release|x64
		{F8BEE443-3830-4628-820C-A54634AB9DB5}.Release|Android.Build.0 = Release|x64
		{F8BEE443-3830-4628-820C-A54634AB9DB5}.Release|Android.Deploy.0 = Release|x64
		{F8BEE443-3830-4628-820C-A54634AB9DB5}.Release|Any CPU.ActiveCfg = Release|x64
		{F8BEE443-3830-4628-820C-A54634AB9DB5}.Release|ARM.ActiveCfg = Release|x64
		{F8BEE443-3830-4628-820C-A54634AB9DB5}.Release|ARM.Build.0 = Release|x64
		{F8BEE443-3830-4628-820C-A54634AB9DB5}.Release|ARM.Deploy.0 = Release|x64
		{F8BEE443-3830-4628-820C-A54634AB9DB5}.Release|ARM64.ActiveCfg = Release|arm64
		{F8BEE443-3830-4628-820C-A54634AB9DB5}.Release|ARM64.Build.0 = Release|arm64
		{F8BEE443-3830-4628-820C-A54634AB9DB5}.Release|ARM64.Deploy.0 = Release|arm64
		{F8BEE443-3830-4628-820C-A54634AB9DB5}.Release|iOS.ActiveCfg = Release|x64
		{F8BEE443-3830-4628-820C-A54634AB9DB5}.Release|iOS.Build.0 = Release|x64
		{F8BEE443-3830-4628-820C-A54634AB9DB5}.Release|iOS.Deploy.0 = Release|x64
		{F8BEE443-3830-4628-820C-A54634AB9DB5}.Release|iPhone.ActiveCfg = Release|x64
		{F8BEE443-3830-4628-820C-A54634AB9DB5}.Release|iPhone.Build.0 = Release|x64
		{F8BEE443-3830-4628-820C-A54634AB9DB5}.Release|iPhone.Deploy.0 = Release|x64
		{F8BEE443-3830-4628-820C-A54634AB9DB5}.Release|iPhoneSimulator.ActiveCfg = Release|x64
		{F8BEE443-3830-4628-820C-A54634AB9DB5}.Release|iPhoneSimulator.Build.0 = Release|x64
		{F8BEE443-3830-4628-820C-A54634AB9DB5}.Release|iPhoneSimulator.Deploy.0 = Release|x64
		{F8BEE443-3830-4628-820C-A54634AB9DB5}.Release|NuGet.ActiveCfg = Release|x64
		{F8BEE443-3830-4628-820C-A54634AB9DB5}.Release|Simulator.ActiveCfg = Release|x64
		{F8BEE443-3830-4628-820C-A54634AB9DB5}.Release|Simulator.Build.0 = Release|x64
		{F8BEE443-3830-4628-820C-A54634AB9DB5}.Release|Simulator.Deploy.0 = Release|x64
		{F8BEE443-3830-4628-820C-A54634AB9DB5}.Release|UAP.ActiveCfg = Release|x64
		{F8BEE443-3830-4628-820C-A54634AB9DB5}.Release|UAP.Build.0 = Release|x64
		{F8BEE443-3830-4628-820C-A54634AB9DB5}.Release|UAP.Deploy.0 = Release|x64
		{F8BEE443-3830-4628-820C-A54634AB9DB5}.Release|x64.ActiveCfg = Release|x64
		{F8BEE443-3830-4628-820C-A54634AB9DB5}.Release|x64.Build.0 = Release|x64
		{F8BEE443-3830-4628-820C-A54634AB9DB5}.Release|x64.Deploy.0 = Release|x64
		{F8BEE443-3830-4628-820C-A54634AB9DB5}.Release|x86.ActiveCfg = Release|x86
		{F8BEE443-3830-4628-820C-A54634AB9DB5}.Release|x86.Build.0 = Release|x86
		{F8BEE443-3830-4628-820C-A54634AB9DB5}.Release|x86.Deploy.0 = Release|x86
		{68966FCA-23CB-4C08-B477-365880435B29}.Ad-Hoc|Android.ActiveCfg = Debug|Any CPU
		{68966FCA-23CB-4C08-B477-365880435B29}.Ad-Hoc|Android.Build.0 = Debug|Any CPU
		{68966FCA-23CB-4C08-B477-365880435B29}.Ad-Hoc|Any CPU.ActiveCfg = Debug|Any CPU
		{68966FCA-23CB-4C08-B477-365880435B29}.Ad-Hoc|Any CPU.Build.0 = Debug|Any CPU
		{68966FCA-23CB-4C08-B477-365880435B29}.Ad-Hoc|ARM.ActiveCfg = Debug|Any CPU
		{68966FCA-23CB-4C08-B477-365880435B29}.Ad-Hoc|ARM.Build.0 = Debug|Any CPU
		{68966FCA-23CB-4C08-B477-365880435B29}.Ad-Hoc|ARM64.ActiveCfg = Debug|Any CPU
		{68966FCA-23CB-4C08-B477-365880435B29}.Ad-Hoc|ARM64.Build.0 = Debug|Any CPU
		{68966FCA-23CB-4C08-B477-365880435B29}.Ad-Hoc|iOS.ActiveCfg = Debug|Any CPU
		{68966FCA-23CB-4C08-B477-365880435B29}.Ad-Hoc|iOS.Build.0 = Debug|Any CPU
		{68966FCA-23CB-4C08-B477-365880435B29}.Ad-Hoc|iPhone.ActiveCfg = Debug|Any CPU
		{68966FCA-23CB-4C08-B477-365880435B29}.Ad-Hoc|iPhone.Build.0 = Debug|Any CPU
		{68966FCA-23CB-4C08-B477-365880435B29}.Ad-Hoc|iPhoneSimulator.ActiveCfg = Debug|Any CPU
		{68966FCA-23CB-4C08-B477-365880435B29}.Ad-Hoc|iPhoneSimulator.Build.0 = Debug|Any CPU
		{68966FCA-23CB-4C08-B477-365880435B29}.Ad-Hoc|NuGet.ActiveCfg = Debug|Any CPU
		{68966FCA-23CB-4C08-B477-365880435B29}.Ad-Hoc|NuGet.Build.0 = Debug|Any CPU
		{68966FCA-23CB-4C08-B477-365880435B29}.Ad-Hoc|Simulator.ActiveCfg = Debug|Any CPU
		{68966FCA-23CB-4C08-B477-365880435B29}.Ad-Hoc|Simulator.Build.0 = Debug|Any CPU
		{68966FCA-23CB-4C08-B477-365880435B29}.Ad-Hoc|UAP.ActiveCfg = Debug|Any CPU
		{68966FCA-23CB-4C08-B477-365880435B29}.Ad-Hoc|UAP.Build.0 = Debug|Any CPU
		{68966FCA-23CB-4C08-B477-365880435B29}.Ad-Hoc|x64.ActiveCfg = Debug|Any CPU
		{68966FCA-23CB-4C08-B477-365880435B29}.Ad-Hoc|x64.Build.0 = Debug|Any CPU
		{68966FCA-23CB-4C08-B477-365880435B29}.Ad-Hoc|x86.ActiveCfg = Debug|Any CPU
		{68966FCA-23CB-4C08-B477-365880435B29}.Ad-Hoc|x86.Build.0 = Debug|Any CPU
		{68966FCA-23CB-4C08-B477-365880435B29}.AppStore|Android.ActiveCfg = Debug|Any CPU
		{68966FCA-23CB-4C08-B477-365880435B29}.AppStore|Android.Build.0 = Debug|Any CPU
		{68966FCA-23CB-4C08-B477-365880435B29}.AppStore|Any CPU.ActiveCfg = Debug|Any CPU
		{68966FCA-23CB-4C08-B477-365880435B29}.AppStore|Any CPU.Build.0 = Debug|Any CPU
		{68966FCA-23CB-4C08-B477-365880435B29}.AppStore|ARM.ActiveCfg = Debug|Any CPU
		{68966FCA-23CB-4C08-B477-365880435B29}.AppStore|ARM.Build.0 = Debug|Any CPU
		{68966FCA-23CB-4C08-B477-365880435B29}.AppStore|ARM64.ActiveCfg = Debug|Any CPU
		{68966FCA-23CB-4C08-B477-365880435B29}.AppStore|ARM64.Build.0 = Debug|Any CPU
		{68966FCA-23CB-4C08-B477-365880435B29}.AppStore|iOS.ActiveCfg = Debug|Any CPU
		{68966FCA-23CB-4C08-B477-365880435B29}.AppStore|iOS.Build.0 = Debug|Any CPU
		{68966FCA-23CB-4C08-B477-365880435B29}.AppStore|iPhone.ActiveCfg = Debug|Any CPU
		{68966FCA-23CB-4C08-B477-365880435B29}.AppStore|iPhone.Build.0 = Debug|Any CPU
		{68966FCA-23CB-4C08-B477-365880435B29}.AppStore|iPhoneSimulator.ActiveCfg = Debug|Any CPU
		{68966FCA-23CB-4C08-B477-365880435B29}.AppStore|iPhoneSimulator.Build.0 = Debug|Any CPU
		{68966FCA-23CB-4C08-B477-365880435B29}.AppStore|NuGet.ActiveCfg = Debug|Any CPU
		{68966FCA-23CB-4C08-B477-365880435B29}.AppStore|NuGet.Build.0 = Debug|Any CPU
		{68966FCA-23CB-4C08-B477-365880435B29}.AppStore|Simulator.ActiveCfg = Debug|Any CPU
		{68966FCA-23CB-4C08-B477-365880435B29}.AppStore|Simulator.Build.0 = Debug|Any CPU
		{68966FCA-23CB-4C08-B477-365880435B29}.AppStore|UAP.ActiveCfg = Debug|Any CPU
		{68966FCA-23CB-4C08-B477-365880435B29}.AppStore|UAP.Build.0 = Debug|Any CPU
		{68966FCA-23CB-4C08-B477-365880435B29}.AppStore|x64.ActiveCfg = Debug|Any CPU
		{68966FCA-23CB-4C08-B477-365880435B29}.AppStore|x64.Build.0 = Debug|Any CPU
		{68966FCA-23CB-4C08-B477-365880435B29}.AppStore|x86.ActiveCfg = Debug|Any CPU
		{68966FCA-23CB-4C08-B477-365880435B29}.AppStore|x86.Build.0 = Debug|Any CPU
		{68966FCA-23CB-4C08-B477-365880435B29}.Debug|Android.ActiveCfg = Debug|Any CPU
		{68966FCA-23CB-4C08-B477-365880435B29}.Debug|Android.Build.0 = Debug|Any CPU
		{68966FCA-23CB-4C08-B477-365880435B29}.Debug|Any CPU.ActiveCfg = Debug|Any CPU
		{68966FCA-23CB-4C08-B477-365880435B29}.Debug|Any CPU.Build.0 = Debug|Any CPU
		{68966FCA-23CB-4C08-B477-365880435B29}.Debug|Any CPU.Deploy.0 = Debug|Any CPU
		{68966FCA-23CB-4C08-B477-365880435B29}.Debug|ARM.ActiveCfg = Debug|Any CPU
		{68966FCA-23CB-4C08-B477-365880435B29}.Debug|ARM.Build.0 = Debug|Any CPU
		{68966FCA-23CB-4C08-B477-365880435B29}.Debug|ARM64.ActiveCfg = Debug|Any CPU
		{68966FCA-23CB-4C08-B477-365880435B29}.Debug|ARM64.Build.0 = Debug|Any CPU
		{68966FCA-23CB-4C08-B477-365880435B29}.Debug|iOS.ActiveCfg = Debug|Any CPU
		{68966FCA-23CB-4C08-B477-365880435B29}.Debug|iOS.Build.0 = Debug|Any CPU
		{68966FCA-23CB-4C08-B477-365880435B29}.Debug|iPhone.ActiveCfg = Debug|Any CPU
		{68966FCA-23CB-4C08-B477-365880435B29}.Debug|iPhone.Build.0 = Debug|Any CPU
		{68966FCA-23CB-4C08-B477-365880435B29}.Debug|iPhone.Deploy.0 = Debug|Any CPU
		{68966FCA-23CB-4C08-B477-365880435B29}.Debug|iPhoneSimulator.ActiveCfg = Debug|Any CPU
		{68966FCA-23CB-4C08-B477-365880435B29}.Debug|iPhoneSimulator.Build.0 = Debug|Any CPU
		{68966FCA-23CB-4C08-B477-365880435B29}.Debug|iPhoneSimulator.Deploy.0 = Debug|Any CPU
		{68966FCA-23CB-4C08-B477-365880435B29}.Debug|NuGet.ActiveCfg = Debug|Any CPU
		{68966FCA-23CB-4C08-B477-365880435B29}.Debug|Simulator.ActiveCfg = Debug|Any CPU
		{68966FCA-23CB-4C08-B477-365880435B29}.Debug|Simulator.Build.0 = Debug|Any CPU
		{68966FCA-23CB-4C08-B477-365880435B29}.Debug|UAP.ActiveCfg = Debug|Any CPU
		{68966FCA-23CB-4C08-B477-365880435B29}.Debug|UAP.Build.0 = Debug|Any CPU
		{68966FCA-23CB-4C08-B477-365880435B29}.Debug|x64.ActiveCfg = Debug|Any CPU
		{68966FCA-23CB-4C08-B477-365880435B29}.Debug|x64.Build.0 = Debug|Any CPU
		{68966FCA-23CB-4C08-B477-365880435B29}.Debug|x86.ActiveCfg = Debug|Any CPU
		{68966FCA-23CB-4C08-B477-365880435B29}.Debug|x86.Build.0 = Debug|Any CPU
		{68966FCA-23CB-4C08-B477-365880435B29}.Release|Android.ActiveCfg = Release|Any CPU
		{68966FCA-23CB-4C08-B477-365880435B29}.Release|Android.Build.0 = Release|Any CPU
		{68966FCA-23CB-4C08-B477-365880435B29}.Release|Any CPU.ActiveCfg = Release|Any CPU
		{68966FCA-23CB-4C08-B477-365880435B29}.Release|ARM.ActiveCfg = Release|Any CPU
		{68966FCA-23CB-4C08-B477-365880435B29}.Release|ARM.Build.0 = Release|Any CPU
		{68966FCA-23CB-4C08-B477-365880435B29}.Release|ARM64.ActiveCfg = Release|Any CPU
		{68966FCA-23CB-4C08-B477-365880435B29}.Release|ARM64.Build.0 = Release|Any CPU
		{68966FCA-23CB-4C08-B477-365880435B29}.Release|iOS.ActiveCfg = Release|Any CPU
		{68966FCA-23CB-4C08-B477-365880435B29}.Release|iOS.Build.0 = Release|Any CPU
		{68966FCA-23CB-4C08-B477-365880435B29}.Release|iPhone.ActiveCfg = Release|Any CPU
		{68966FCA-23CB-4C08-B477-365880435B29}.Release|iPhone.Build.0 = Release|Any CPU
		{68966FCA-23CB-4C08-B477-365880435B29}.Release|iPhoneSimulator.ActiveCfg = Release|Any CPU
		{68966FCA-23CB-4C08-B477-365880435B29}.Release|iPhoneSimulator.Build.0 = Release|Any CPU
		{68966FCA-23CB-4C08-B477-365880435B29}.Release|NuGet.ActiveCfg = Release|Any CPU
		{68966FCA-23CB-4C08-B477-365880435B29}.Release|Simulator.ActiveCfg = Release|Any CPU
		{68966FCA-23CB-4C08-B477-365880435B29}.Release|Simulator.Build.0 = Release|Any CPU
		{68966FCA-23CB-4C08-B477-365880435B29}.Release|UAP.ActiveCfg = Release|Any CPU
		{68966FCA-23CB-4C08-B477-365880435B29}.Release|UAP.Build.0 = Release|Any CPU
		{68966FCA-23CB-4C08-B477-365880435B29}.Release|x64.ActiveCfg = Release|Any CPU
		{68966FCA-23CB-4C08-B477-365880435B29}.Release|x64.Build.0 = Release|Any CPU
		{68966FCA-23CB-4C08-B477-365880435B29}.Release|x86.ActiveCfg = Release|Any CPU
		{68966FCA-23CB-4C08-B477-365880435B29}.Release|x86.Build.0 = Release|Any CPU
	EndGlobalSection
	GlobalSection(SolutionProperties) = preSolution
		HideSolutionNode = FALSE
	EndGlobalSection
	GlobalSection(NestedProjects) = preSolution
		{6279C845-92F8-4333-AB99-3D213163593C} = {5389978F-E394-429B-8543-DE8552377D68}
		{FB744FFE-55DD-478F-A9B8-E654F509946E} = {AC10D53F-228B-469D-93FE-5D027BBBA474}
		{D0608425-2826-4D11-A4B6-D8DEEFAE0AC7} = {AC10D53F-228B-469D-93FE-5D027BBBA474}
		{F8BEE443-3830-4628-820C-A54634AB9DB5} = {5389978F-E394-429B-8543-DE8552377D68}
		{68966FCA-23CB-4C08-B477-365880435B29} = {5389978F-E394-429B-8543-DE8552377D68}
	EndGlobalSection
	GlobalSection(ExtensibilityGlobals) = postSolution
		SolutionGuid = {D781FBA8-9995-40C9-BF8A-7F7BDDB1A06B}
	EndGlobalSection
	GlobalSection(SharedMSBuildProjectFiles) = preSolution
		src\samples\ExtendedSlashScreen.Uno.Samples\ExtendedSlashScreen.Uno.Samples.Shared\ExtendedSlashScreen.Uno.Samples.Shared.projitems*{6279c845-92f8-4333-ab99-3d213163593c}*SharedItemsImports = 13
		src\samples\ExtendedSlashScreen.Uno.Samples\ExtendedSlashScreen.Uno.Samples.Shared\ExtendedSlashScreen.Uno.Samples.Shared.projitems*{68966fca-23cb-4c08-b477-365880435b29}*SharedItemsImports = 5
		src\library\Shared\Shared.projitems*{d0608425-2826-4d11-a4b6-d8deefae0ac7}*SharedItemsImports = 5
		src\samples\ExtendedSlashScreen.Uno.Samples\ExtendedSlashScreen.Uno.Samples.Shared\ExtendedSlashScreen.Uno.Samples.Shared.projitems*{f8bee443-3830-4628-820c-a54634ab9db5}*SharedItemsImports = 5
		src\library\Shared\Shared.projitems*{fb744ffe-55dd-478f-a9b8-e654f509946e}*SharedItemsImports = 13
	EndGlobalSection
EndGlobal
